
Microsoft Visual Studio Solution File, Format Version 12.00
# Visual Studio 15
VisualStudioVersion = 15.0.27703.2035
MinimumVisualStudioVersion = 10.0.40219.1
Project("{FAE04EC0-301F-11D3-BF4B-00C04F79EFBC}") = "Meu.Projeto.Teste.MVC", "src\Meu.Projeto.Teste.MVC\Meu.Projeto.Teste.MVC.csproj", "{29D58508-8E5B-4C90-BBF1-21758A3094A3}"
EndProject
Global
	GlobalSection(SolutionConfigurationPlatforms) = preSolution
		Debug|Any CPU = Debug|Any CPU
		Release|Any CPU = Release|Any CPU
	EndGlobalSection
	GlobalSection(ProjectConfigurationPlatforms) = postSolution
		{29D58508-8E5B-4C90-BBF1-21758A3094A3}.Debug|Any CPU.ActiveCfg = Debug|Any CPU
		{29D58508-8E5B-4C90-BBF1-21758A3094A3}.Debug|Any CPU.Build.0 = Debug|Any CPU
		{29D58508-8E5B-4C90-BBF1-21758A3094A3}.Release|Any CPU.ActiveCfg = Release|Any CPU
		{29D58508-8E5B-4C90-BBF1-21758A3094A3}.Release|Any CPU.Build.0 = Release|Any CPU
	EndGlobalSection
	GlobalSection(SolutionProperties) = preSolution
		HideSolutionNode = FALSE
	EndGlobalSection
	GlobalSection(ExtensibilityGlobals) = postSolution
		SolutionGuid = {D66045E2-9C40-4E56-A3E9-BF0AF418BA47}
	EndGlobalSection
EndGlobal
